
Microsoft Visual Studio Solution File, Format Version 12.00
Project("{FAE04EC0-301F-11D3-BF4B-00C04F79EFBC}") = "UmbrashiftECS.GameLogic", "UmbrashiftECS.GameLogic\UmbrashiftECS.GameLogic.csproj", "{01287C23-7D22-4253-96D7-AB90D6F8FC3C}"
EndProject
Project("{FAE04EC0-301F-11D3-BF4B-00C04F79EFBC}") = "UmbrashiftECS.UnitTests", "UmbrashiftECS.UnitTests\UmbrashiftECS.UnitTests.csproj", "{85FA6CD5-70FC-4D2E-AB8F-68A8379E8F9C}"
EndProject
Project("{FAE04EC0-301F-11D3-BF4B-00C04F79EFBC}") = "UmbrashiftECS.KniWebDemo", "UmbrashiftECS.KniWebDemo\UmbrashiftECS.KniWebDemo.csproj", "{4D9B8A5B-2B9A-4B4C-9CF8-F991EEC6A64F}"
EndProject
Project("{FAE04EC0-301F-11D3-BF4B-00C04F79EFBC}") = "UmbrashiftECS.Rendering", "UmbrashiftECS.Rendering\UmbrashiftECS.Rendering.csproj", "{8F0A4C3B-1E7D-4E7A-B2C2-F5B4E4D0A9B1}"
EndProject
Project("{FAE04EC0-301F-11D3-BF4B-00C04F79EFBC}") = "UmbrashiftECS.KniWebDemo.UnitTests", "UmbrashiftECS.KniWebDemo.UnitTests\UmbrashiftECS.KniWebDemo.UnitTests.csproj", "{A3A3FA3B-EDDE-4A38-9F36-3FE4D66F3A76}"
EndProject
Project("{FAE04EC0-301F-11D3-BF4B-00C04F79EFBC}") = "UmbrashiftECS.Serialization", "UmbrashiftECS.Serialization\UmbrashiftECS.Serialization.csproj", "{2C0B4FB5-9303-42DE-9B22-E3A720A70ACF}"
EndProject
Project("{FAE04EC0-301F-11D3-BF4B-00C04F79EFBC}") = "UmbrashiftECS.Components", "UmbrashiftECS.Components\UmbrashiftECS.Components.csproj", "{724346EF-A022-4F42-A28F-199937699530}"
EndProject
Project("{FAE04EC0-301F-11D3-BF4B-00C04F79EFBC}") = "UmbrashiftECS.Operations", "UmbrashiftECS.Operations\UmbrashiftECS.Operations.csproj", "{6D8D54D8-2E2D-4933-95FB-6D2A3B400AB3}"
EndProject
Project("{FAE04EC0-301F-11D3-BF4B-00C04F79EFBC}") = "UmbrashiftECS.MonoGame", "UmbrashiftECS.MonoGame\UmbrashiftECS.MonoGame.csproj", "{A1C45A44-4E20-4179-AE27-8DDC0414A34D}"
EndProject
Project("{FAE04EC0-301F-11D3-BF4B-00C04F79EFBC}") = "UmbrashiftECS.Web", "UmbrashiftECS.Web\UmbrashiftECS.Web.csproj", "{7B62D762-9B94-447E-9774-588D66273EE3}"
EndProject
Global
	GlobalSection(SolutionConfigurationPlatforms) = preSolution
		Debug|Any CPU = Debug|Any CPU
		Release|Any CPU = Release|Any CPU
	EndGlobalSection
	GlobalSection(ProjectConfigurationPlatforms) = postSolution
		{01287C23-7D22-4253-96D7-AB90D6F8FC3C}.Debug|Any CPU.ActiveCfg = Debug|Any CPU
		{01287C23-7D22-4253-96D7-AB90D6F8FC3C}.Debug|Any CPU.Build.0 = Debug|Any CPU
		{01287C23-7D22-4253-96D7-AB90D6F8FC3C}.Release|Any CPU.ActiveCfg = Release|Any CPU
		{01287C23-7D22-4253-96D7-AB90D6F8FC3C}.Release|Any CPU.Build.0 = Release|Any CPU
		{85FA6CD5-70FC-4D2E-AB8F-68A8379E8F9C}.Debug|Any CPU.ActiveCfg = Debug|Any CPU
		{85FA6CD5-70FC-4D2E-AB8F-68A8379E8F9C}.Debug|Any CPU.Build.0 = Debug|Any CPU
		{85FA6CD5-70FC-4D2E-AB8F-68A8379E8F9C}.Release|Any CPU.ActiveCfg = Release|Any CPU
		{85FA6CD5-70FC-4D2E-AB8F-68A8379E8F9C}.Release|Any CPU.Build.0 = Release|Any CPU
		{4D9B8A5B-2B9A-4B4C-9CF8-F991EEC6A64F}.Debug|Any CPU.ActiveCfg = Debug|Any CPU
		{4D9B8A5B-2B9A-4B4C-9CF8-F991EEC6A64F}.Debug|Any CPU.Build.0 = Debug|Any CPU
		{4D9B8A5B-2B9A-4B4C-9CF8-F991EEC6A64F}.Release|Any CPU.ActiveCfg = Release|Any CPU
		{4D9B8A5B-2B9A-4B4C-9CF8-F991EEC6A64F}.Release|Any CPU.Build.0 = Release|Any CPU
		{8F0A4C3B-1E7D-4E7A-B2C2-F5B4E4D0A9B1}.Debug|Any CPU.ActiveCfg = Debug|Any CPU
		{8F0A4C3B-1E7D-4E7A-B2C2-F5B4E4D0A9B1}.Debug|Any CPU.Build.0 = Debug|Any CPU
		{8F0A4C3B-1E7D-4E7A-B2C2-F5B4E4D0A9B1}.Release|Any CPU.ActiveCfg = Release|Any CPU
		{8F0A4C3B-1E7D-4E7A-B2C2-F5B4E4D0A9B1}.Release|Any CPU.Build.0 = Release|Any CPU
		{A3A3FA3B-EDDE-4A38-9F36-3FE4D66F3A76}.Debug|Any CPU.ActiveCfg = Debug|Any CPU
		{A3A3FA3B-EDDE-4A38-9F36-3FE4D66F3A76}.Debug|Any CPU.Build.0 = Debug|Any CPU
		{A3A3FA3B-EDDE-4A38-9F36-3FE4D66F3A76}.Release|Any CPU.ActiveCfg = Release|Any CPU
		{A3A3FA3B-EDDE-4A38-9F36-3FE4D66F3A76}.Release|Any CPU.Build.0 = Release|Any CPU
		{2C0B4FB5-9303-42DE-9B22-E3A720A70ACF}.Debug|Any CPU.ActiveCfg = Debug|Any CPU
		{2C0B4FB5-9303-42DE-9B22-E3A720A70ACF}.Debug|Any CPU.Build.0 = Debug|Any CPU
		{2C0B4FB5-9303-42DE-9B22-E3A720A70ACF}.Release|Any CPU.ActiveCfg = Release|Any CPU
		{2C0B4FB5-9303-42DE-9B22-E3A720A70ACF}.Release|Any CPU.Build.0 = Release|Any CPU
		{724346EF-A022-4F42-A28F-199937699530}.Debug|Any CPU.ActiveCfg = Debug|Any CPU
		{724346EF-A022-4F42-A28F-199937699530}.Debug|Any CPU.Build.0 = Debug|Any CPU
		{724346EF-A022-4F42-A28F-199937699530}.Release|Any CPU.ActiveCfg = Release|Any CPU
		{724346EF-A022-4F42-A28F-199937699530}.Release|Any CPU.Build.0 = Release|Any CPU
		{6D8D54D8-2E2D-4933-95FB-6D2A3B400AB3}.Debug|Any CPU.ActiveCfg = Debug|Any CPU
		{6D8D54D8-2E2D-4933-95FB-6D2A3B400AB3}.Debug|Any CPU.Build.0 = Debug|Any CPU
		{6D8D54D8-2E2D-4933-95FB-6D2A3B400AB3}.Release|Any CPU.ActiveCfg = Release|Any CPU
		{6D8D54D8-2E2D-4933-95FB-6D2A3B400AB3}.Release|Any CPU.Build.0 = Release|Any CPU
		{A1C45A44-4E20-4179-AE27-8DDC0414A34D}.Debug|Any CPU.ActiveCfg = Debug|Any CPU
		{A1C45A44-4E20-4179-AE27-8DDC0414A34D}.Debug|Any CPU.Build.0 = Debug|Any CPU
		{A1C45A44-4E20-4179-AE27-8DDC0414A34D}.Release|Any CPU.ActiveCfg = Release|Any CPU
		{A1C45A44-4E20-4179-AE27-8DDC0414A34D}.Release|Any CPU.Build.0 = Release|Any CPU
		{7B62D762-9B94-447E-9774-588D66273EE3}.Debug|Any CPU.ActiveCfg = Debug|Any CPU
		{7B62D762-9B94-447E-9774-588D66273EE3}.Debug|Any CPU.Build.0 = Debug|Any CPU
		{7B62D762-9B94-447E-9774-588D66273EE3}.Release|Any CPU.ActiveCfg = Release|Any CPU
		{7B62D762-9B94-447E-9774-588D66273EE3}.Release|Any CPU.Build.0 = Release|Any CPU
	EndGlobalSection
EndGlobal
